
Microsoft Visual Studio Solution File, Format Version 12.00
# Visual Studio Version 17
VisualStudioVersion = 17.3.32922.545
MinimumVisualStudioVersion = 10.0.40219.1
Project("{FAE04EC0-301F-11D3-BF4B-00C04F79EFBC}") = "CalculatorConsoleApp", "CalculatorConsoleApp\CalculatorConsoleApp.csproj", "{0C9913F4-00CA-4446-8B75-43A9291C5440}"
EndProject
Global
	GlobalSection(SolutionConfigurationPlatforms) = preSolution
		Debug|Any CPU = Debug|Any CPU
		Release|Any CPU = Release|Any CPU
	EndGlobalSection
	GlobalSection(ProjectConfigurationPlatforms) = postSolution
		{0C9913F4-00CA-4446-8B75-43A9291C5440}.Debug|Any CPU.ActiveCfg = Debug|Any CPU
		{0C9913F4-00CA-4446-8B75-43A9291C5440}.Debug|Any CPU.Build.0 = Debug|Any CPU
		{0C9913F4-00CA-4446-8B75-43A9291C5440}.Release|Any CPU.ActiveCfg = Release|Any CPU
		{0C9913F4-00CA-4446-8B75-43A9291C5440}.Release|Any CPU.Build.0 = Release|Any CPU
	EndGlobalSection
	GlobalSection(SolutionProperties) = preSolution
		HideSolutionNode = FALSE
	EndGlobalSection
	GlobalSection(ExtensibilityGlobals) = postSolution
		SolutionGuid = {EB251C21-8119-4AD3-B763-DCD34020D19E}
	EndGlobalSection
EndGlobal
